
Microsoft Visual Studio Solution File, Format Version 12.00
Project("{FAE04EC0-301F-11D3-BF4B-00C04F79EFBC}") = "API", "API\API.csproj", "{8ED64F8E-EB4A-430C-8B55-82C2D39FD825}"
EndProject
Project("{FAE04EC0-301F-11D3-BF4B-00C04F79EFBC}") = "DataAccess", "DataAccess\DataAccess.csproj", "{951DCC8D-D89E-4901-8653-742EBC610576}"
EndProject
Global
	GlobalSection(SolutionConfigurationPlatforms) = preSolution
		Debug|Any CPU = Debug|Any CPU
		Release|Any CPU = Release|Any CPU
	EndGlobalSection
	GlobalSection(ProjectConfigurationPlatforms) = postSolution
		{8ED64F8E-EB4A-430C-8B55-82C2D39FD825}.Debug|Any CPU.ActiveCfg = Debug|Any CPU
		{8ED64F8E-EB4A-430C-8B55-82C2D39FD825}.Debug|Any CPU.Build.0 = Debug|Any CPU
		{8ED64F8E-EB4A-430C-8B55-82C2D39FD825}.Release|Any CPU.ActiveCfg = Release|Any CPU
		{8ED64F8E-EB4A-430C-8B55-82C2D39FD825}.Release|Any CPU.Build.0 = Release|Any CPU
		{951DCC8D-D89E-4901-8653-742EBC610576}.Debug|Any CPU.ActiveCfg = Debug|Any CPU
		{951DCC8D-D89E-4901-8653-742EBC610576}.Debug|Any CPU.Build.0 = Debug|Any CPU
		{951DCC8D-D89E-4901-8653-742EBC610576}.Release|Any CPU.ActiveCfg = Release|Any CPU
		{951DCC8D-D89E-4901-8653-742EBC610576}.Release|Any CPU.Build.0 = Release|Any CPU
	EndGlobalSection
EndGlobal
